
Microsoft Visual Studio Solution File, Format Version 12.00
# Visual Studio Version 17
VisualStudioVersion = 17.0.31717.71
MinimumVisualStudioVersion = 10.0.40219.1
Project("{FAE04EC0-301F-11D3-BF4B-00C04F79EFBC}") = "QueroBilhete.Web", "QueroBilhete.Web\QueroBilhete.Web.csproj", "{1D995293-15EF-4BD5-8425-BD94D477D49F}"
EndProject
Global
	GlobalSection(SolutionConfigurationPlatforms) = preSolution
		Debug|Any CPU = Debug|Any CPU
		Release|Any CPU = Release|Any CPU
	EndGlobalSection
	GlobalSection(ProjectConfigurationPlatforms) = postSolution
		{1D995293-15EF-4BD5-8425-BD94D477D49F}.Debug|Any CPU.ActiveCfg = Debug|Any CPU
		{1D995293-15EF-4BD5-8425-BD94D477D49F}.Debug|Any CPU.Build.0 = Debug|Any CPU
		{1D995293-15EF-4BD5-8425-BD94D477D49F}.Release|Any CPU.ActiveCfg = Release|Any CPU
		{1D995293-15EF-4BD5-8425-BD94D477D49F}.Release|Any CPU.Build.0 = Release|Any CPU
	EndGlobalSection
	GlobalSection(SolutionProperties) = preSolution
		HideSolutionNode = FALSE
	EndGlobalSection
	GlobalSection(ExtensibilityGlobals) = postSolution
		SolutionGuid = {6087CD48-2491-45D5-BABE-0E9FB8A40E98}
	EndGlobalSection
EndGlobal
